
Microsoft Visual Studio Solution File, Format Version 12.00
EndProject
Project("{FAE04EC0-301F-11D3-BF4B-00C04F79EFBC}") = "TestMicro.Gateway", "src\TestMicro.Gateway\TestMicro.Gateway.csproj", "{74B97FEB-D42D-4F19-B02C-D606D1CF608E}"
EndProject
Project("{FAE04EC0-301F-11D3-BF4B-00C04F79EFBC}") = "TestMicro.ServiceDefaults", "src\TestMicro.ServiceDefaults\TestMicro.ServiceDefaults.csproj", "{D85FF2D7-F89C-4670-A968-C53F5D5AD87F}"
EndProject
Project("{FAE04EC0-301F-11D3-BF4B-00C04F79EFBC}") = "TestMicro.AppHost", "src\TestMicro.AppHost\TestMicro.AppHost.csproj", "{24D05CF6-64AB-48D0-A367-1A7248416A99}"
EndProject
Project("{FAE04EC0-301F-11D3-BF4B-00C04F79EFBC}") = "TestMicro.HttpApi", "src\TestMicro.HttpApi\TestMicro.HttpApi.csproj", "{BA3E6615-7D3B-49F8-AFE2-217E08645031}"
EndProject
Project("{2150E333-8FDC-42A3-9474-1A3956D46DE8}") = "App", "App", "{9D2438C6-1F8F-4F79-9223-31A98FC5BD54}"
EndProject
Project("{2150E333-8FDC-42A3-9474-1A3956D46DE8}") = "Modules", "Modules", "{6214D424-C6B8-4F08-9925-03646204EF5F}"
EndProject
Project("{2150E333-8FDC-42A3-9474-1A3956D46DE8}") = "UserManagement", "UserManagement", "{57C171D3-DD13-4E93-8467-FBDB3A2AC70A}"
EndProject
Project("{FAE04EC0-301F-11D3-BF4B-00C04F79EFBC}") = "TestMicro.UserManagement", "src\TestMicro.UserManagement\TestMicro.UserManagement.csproj", "{15ED4173-8460-4264-AEA4-FDACC01FCDE0}"
EndProject
Project("{2150E333-8FDC-42A3-9474-1A3956D46DE8}") = "Core", "Core", "{707F1E5C-2962-4865-ADDF-754BFB61C8A2}"
EndProject
Project("{FAE04EC0-301F-11D3-BF4B-00C04F79EFBC}") = "TestMicro.Core.Data", "src\TestMicro.Core.Data\TestMicro.Core.Data.csproj", "{572A340A-4B34-4EB3-86E0-6B24FF544000}"
EndProject
Project("{FAE04EC0-301F-11D3-BF4B-00C04F79EFBC}") = "TestMicro.Core.Data.Abstractions", "src\TestMicro.Core.Data.Abstractions\TestMicro.Core.Data.Abstractions.csproj", "{6A8AA3E1-64CE-494B-AEF3-0D3CA231416E}"
EndProject
Project("{FAE04EC0-301F-11D3-BF4B-00C04F79EFBC}") = "TestMicro.Core.Shared", "src\TestMicro.Core.Shared\TestMicro.Core.Shared.csproj", "{4EBB8F3D-8CDC-45C5-A1DB-44AE739668A7}"
EndProject
Project("{FAE04EC0-301F-11D3-BF4B-00C04F79EFBC}") = "TestMicro.UserManagement.Shared", "src\TestMicro.UserManagement.Shared\TestMicro.UserManagement.Shared.csproj", "{A9FEBB02-5D3F-410E-A00A-C6F6C2BF7785}"
EndProject
Project("{FAE04EC0-301F-11D3-BF4B-00C04F79EFBC}") = "TestMicro.Core.OpenApi", "src\TestMicro.Core.OpenApi\TestMicro.Core.OpenApi.csproj", "{BF5780AE-798D-4A1D-B40D-71AE3853765A}"
EndProject
Project("{FAE04EC0-301F-11D3-BF4B-00C04F79EFBC}") = "TestMicro.Core.Identity", "src\TestMicro.Core.Identity\TestMicro.Core.Identity.csproj", "{0FCB5972-6AB3-43B0-81B7-86943D1F9396}"
EndProject
Project("{FAE04EC0-301F-11D3-BF4B-00C04F79EFBC}") = "TestMicro.Core.ExceptionHandler", "src\TestMicro.Core.ExceptionHandler\TestMicro.Core.ExceptionHandler.csproj", "{8656433E-73FC-481C-9109-83089BC01853}"
EndProject
Project("{FAE04EC0-301F-11D3-BF4B-00C04F79EFBC}") = "TestMicro.Core.Exceptions", "src\TestMicro.Core.Exceptions\TestMicro.Core.Exceptions.csproj", "{E9544277-BE7D-44C7-BE81-AC19879A12B7}"
EndProject
Project("{FAE04EC0-301F-11D3-BF4B-00C04F79EFBC}") = "TestMicro.UserManagement.HttpClient", "src\TestMicro.UserManagement.HttpClient\TestMicro.UserManagement.HttpClient.csproj", "{1A757EA6-1E3C-49B4-8C0C-F6B3EE8A17A0}"
EndProject
Global
	GlobalSection(SolutionConfigurationPlatforms) = preSolution
		Debug|Any CPU = Debug|Any CPU
		Release|Any CPU = Release|Any CPU
	EndGlobalSection
	GlobalSection(ProjectConfigurationPlatforms) = postSolution
		{DB8A75FA-8085-458C-BA29-A562E5D7516F}.Debug|Any CPU.ActiveCfg = Debug|Any CPU
		{DB8A75FA-8085-458C-BA29-A562E5D7516F}.Debug|Any CPU.Build.0 = Debug|Any CPU
		{DB8A75FA-8085-458C-BA29-A562E5D7516F}.Release|Any CPU.ActiveCfg = Release|Any CPU
		{DB8A75FA-8085-458C-BA29-A562E5D7516F}.Release|Any CPU.Build.0 = Release|Any CPU
		{74B97FEB-D42D-4F19-B02C-D606D1CF608E}.Debug|Any CPU.ActiveCfg = Debug|Any CPU
		{74B97FEB-D42D-4F19-B02C-D606D1CF608E}.Debug|Any CPU.Build.0 = Debug|Any CPU
		{74B97FEB-D42D-4F19-B02C-D606D1CF608E}.Release|Any CPU.ActiveCfg = Release|Any CPU
		{74B97FEB-D42D-4F19-B02C-D606D1CF608E}.Release|Any CPU.Build.0 = Release|Any CPU
		{D85FF2D7-F89C-4670-A968-C53F5D5AD87F}.Debug|Any CPU.ActiveCfg = Debug|Any CPU
		{D85FF2D7-F89C-4670-A968-C53F5D5AD87F}.Debug|Any CPU.Build.0 = Debug|Any CPU
		{D85FF2D7-F89C-4670-A968-C53F5D5AD87F}.Release|Any CPU.ActiveCfg = Release|Any CPU
		{D85FF2D7-F89C-4670-A968-C53F5D5AD87F}.Release|Any CPU.Build.0 = Release|Any CPU
		{24D05CF6-64AB-48D0-A367-1A7248416A99}.Debug|Any CPU.ActiveCfg = Debug|Any CPU
		{24D05CF6-64AB-48D0-A367-1A7248416A99}.Debug|Any CPU.Build.0 = Debug|Any CPU
		{24D05CF6-64AB-48D0-A367-1A7248416A99}.Release|Any CPU.ActiveCfg = Release|Any CPU
		{24D05CF6-64AB-48D0-A367-1A7248416A99}.Release|Any CPU.Build.0 = Release|Any CPU
		{BA3E6615-7D3B-49F8-AFE2-217E08645031}.Debug|Any CPU.ActiveCfg = Debug|Any CPU
		{BA3E6615-7D3B-49F8-AFE2-217E08645031}.Debug|Any CPU.Build.0 = Debug|Any CPU
		{BA3E6615-7D3B-49F8-AFE2-217E08645031}.Release|Any CPU.ActiveCfg = Release|Any CPU
		{BA3E6615-7D3B-49F8-AFE2-217E08645031}.Release|Any CPU.Build.0 = Release|Any CPU
		{15ED4173-8460-4264-AEA4-FDACC01FCDE0}.Debug|Any CPU.ActiveCfg = Debug|Any CPU
		{15ED4173-8460-4264-AEA4-FDACC01FCDE0}.Debug|Any CPU.Build.0 = Debug|Any CPU
		{15ED4173-8460-4264-AEA4-FDACC01FCDE0}.Release|Any CPU.ActiveCfg = Release|Any CPU
		{15ED4173-8460-4264-AEA4-FDACC01FCDE0}.Release|Any CPU.Build.0 = Release|Any CPU
		{572A340A-4B34-4EB3-86E0-6B24FF544000}.Debug|Any CPU.ActiveCfg = Debug|Any CPU
		{572A340A-4B34-4EB3-86E0-6B24FF544000}.Debug|Any CPU.Build.0 = Debug|Any CPU
		{572A340A-4B34-4EB3-86E0-6B24FF544000}.Release|Any CPU.ActiveCfg = Release|Any CPU
		{572A340A-4B34-4EB3-86E0-6B24FF544000}.Release|Any CPU.Build.0 = Release|Any CPU
		{6A8AA3E1-64CE-494B-AEF3-0D3CA231416E}.Debug|Any CPU.ActiveCfg = Debug|Any CPU
		{6A8AA3E1-64CE-494B-AEF3-0D3CA231416E}.Debug|Any CPU.Build.0 = Debug|Any CPU
		{6A8AA3E1-64CE-494B-AEF3-0D3CA231416E}.Release|Any CPU.ActiveCfg = Release|Any CPU
		{6A8AA3E1-64CE-494B-AEF3-0D3CA231416E}.Release|Any CPU.Build.0 = Release|Any CPU
		{4EBB8F3D-8CDC-45C5-A1DB-44AE739668A7}.Debug|Any CPU.ActiveCfg = Debug|Any CPU
		{4EBB8F3D-8CDC-45C5-A1DB-44AE739668A7}.Debug|Any CPU.Build.0 = Debug|Any CPU
		{4EBB8F3D-8CDC-45C5-A1DB-44AE739668A7}.Release|Any CPU.ActiveCfg = Release|Any CPU
		{4EBB8F3D-8CDC-45C5-A1DB-44AE739668A7}.Release|Any CPU.Build.0 = Release|Any CPU
		{A9FEBB02-5D3F-410E-A00A-C6F6C2BF7785}.Debug|Any CPU.ActiveCfg = Debug|Any CPU
		{A9FEBB02-5D3F-410E-A00A-C6F6C2BF7785}.Debug|Any CPU.Build.0 = Debug|Any CPU
		{A9FEBB02-5D3F-410E-A00A-C6F6C2BF7785}.Release|Any CPU.ActiveCfg = Release|Any CPU
		{A9FEBB02-5D3F-410E-A00A-C6F6C2BF7785}.Release|Any CPU.Build.0 = Release|Any CPU
		{BF5780AE-798D-4A1D-B40D-71AE3853765A}.Debug|Any CPU.ActiveCfg = Debug|Any CPU
		{BF5780AE-798D-4A1D-B40D-71AE3853765A}.Debug|Any CPU.Build.0 = Debug|Any CPU
		{BF5780AE-798D-4A1D-B40D-71AE3853765A}.Release|Any CPU.ActiveCfg = Release|Any CPU
		{BF5780AE-798D-4A1D-B40D-71AE3853765A}.Release|Any CPU.Build.0 = Release|Any CPU
		{0FCB5972-6AB3-43B0-81B7-86943D1F9396}.Debug|Any CPU.ActiveCfg = Debug|Any CPU
		{0FCB5972-6AB3-43B0-81B7-86943D1F9396}.Debug|Any CPU.Build.0 = Debug|Any CPU
		{0FCB5972-6AB3-43B0-81B7-86943D1F9396}.Release|Any CPU.ActiveCfg = Release|Any CPU
		{0FCB5972-6AB3-43B0-81B7-86943D1F9396}.Release|Any CPU.Build.0 = Release|Any CPU
		{8656433E-73FC-481C-9109-83089BC01853}.Debug|Any CPU.ActiveCfg = Debug|Any CPU
		{8656433E-73FC-481C-9109-83089BC01853}.Debug|Any CPU.Build.0 = Debug|Any CPU
		{8656433E-73FC-481C-9109-83089BC01853}.Release|Any CPU.ActiveCfg = Release|Any CPU
		{8656433E-73FC-481C-9109-83089BC01853}.Release|Any CPU.Build.0 = Release|Any CPU
		{E9544277-BE7D-44C7-BE81-AC19879A12B7}.Debug|Any CPU.ActiveCfg = Debug|Any CPU
		{E9544277-BE7D-44C7-BE81-AC19879A12B7}.Debug|Any CPU.Build.0 = Debug|Any CPU
		{E9544277-BE7D-44C7-BE81-AC19879A12B7}.Release|Any CPU.ActiveCfg = Release|Any CPU
		{E9544277-BE7D-44C7-BE81-AC19879A12B7}.Release|Any CPU.Build.0 = Release|Any CPU
		{1A757EA6-1E3C-49B4-8C0C-F6B3EE8A17A0}.Debug|Any CPU.ActiveCfg = Debug|Any CPU
		{1A757EA6-1E3C-49B4-8C0C-F6B3EE8A17A0}.Debug|Any CPU.Build.0 = Debug|Any CPU
		{1A757EA6-1E3C-49B4-8C0C-F6B3EE8A17A0}.Release|Any CPU.ActiveCfg = Release|Any CPU
		{1A757EA6-1E3C-49B4-8C0C-F6B3EE8A17A0}.Release|Any CPU.Build.0 = Release|Any CPU
	EndGlobalSection
	GlobalSection(NestedProjects) = preSolution
		{BA3E6615-7D3B-49F8-AFE2-217E08645031} = {9D2438C6-1F8F-4F79-9223-31A98FC5BD54}
		{15ED4173-8460-4264-AEA4-FDACC01FCDE0} = {57C171D3-DD13-4E93-8467-FBDB3A2AC70A}
		{572A340A-4B34-4EB3-86E0-6B24FF544000} = {707F1E5C-2962-4865-ADDF-754BFB61C8A2}
		{6A8AA3E1-64CE-494B-AEF3-0D3CA231416E} = {707F1E5C-2962-4865-ADDF-754BFB61C8A2}
		{4EBB8F3D-8CDC-45C5-A1DB-44AE739668A7} = {707F1E5C-2962-4865-ADDF-754BFB61C8A2}
		{A9FEBB02-5D3F-410E-A00A-C6F6C2BF7785} = {57C171D3-DD13-4E93-8467-FBDB3A2AC70A}
		{BF5780AE-798D-4A1D-B40D-71AE3853765A} = {707F1E5C-2962-4865-ADDF-754BFB61C8A2}
		{0FCB5972-6AB3-43B0-81B7-86943D1F9396} = {707F1E5C-2962-4865-ADDF-754BFB61C8A2}
		{8656433E-73FC-481C-9109-83089BC01853} = {707F1E5C-2962-4865-ADDF-754BFB61C8A2}
		{E9544277-BE7D-44C7-BE81-AC19879A12B7} = {707F1E5C-2962-4865-ADDF-754BFB61C8A2}
		{1A757EA6-1E3C-49B4-8C0C-F6B3EE8A17A0} = {57C171D3-DD13-4E93-8467-FBDB3A2AC70A}
	EndGlobalSection
EndGlobal
